
Microsoft Visual Studio Solution File, Format Version 12.00
# Visual Studio Version 17
VisualStudioVersion = 17.10.35122.118
MinimumVisualStudioVersion = 10.0.40219.1
Project("{FAE04EC0-301F-11D3-BF4B-00C04F79EFBC}") = "Backend", "Backend\Backend.csproj", "{DDF8DA8C-CEB1-4646-8CC7-82E4D5F76EEC}"
EndProject
Global
	GlobalSection(SolutionConfigurationPlatforms) = preSolution
		Debug|Any CPU = Debug|Any CPU
		Release|Any CPU = Release|Any CPU
	EndGlobalSection
	GlobalSection(ProjectConfigurationPlatforms) = postSolution
		{DDF8DA8C-CEB1-4646-8CC7-82E4D5F76EEC}.Debug|Any CPU.ActiveCfg = Debug|Any CPU
		{DDF8DA8C-CEB1-4646-8CC7-82E4D5F76EEC}.Debug|Any CPU.Build.0 = Debug|Any CPU
		{DDF8DA8C-CEB1-4646-8CC7-82E4D5F76EEC}.Release|Any CPU.ActiveCfg = Release|Any CPU
		{DDF8DA8C-CEB1-4646-8CC7-82E4D5F76EEC}.Release|Any CPU.Build.0 = Release|Any CPU
	EndGlobalSection
	GlobalSection(SolutionProperties) = preSolution
		HideSolutionNode = FALSE
	EndGlobalSection
	GlobalSection(ExtensibilityGlobals) = postSolution
		SolutionGuid = {627A155A-3F6A-4EC9-BE24-431E5BEDDB4C}
	EndGlobalSection
EndGlobal
